// !$*UTF8*$!
{
	archiveVersion = 1;
	classes = {
	};
	objectVersion = 56;
	objects = {

/* Begin PBXBuildFile section */
		9273C5E72C95D9D4005E14D0 /* GoogleService-Info.plist in Resources */ = {isa = PBXBuildFile; fileRef = 9273C5E62C95D9D4005E14D0 /* GoogleService-Info.plist */; };
		92C05B552C972C51003DFD70 /* FirebaseAnalytics in Frameworks */ = {isa = PBXBuildFile; productRef = 92C05B542C972C51003DFD70 /* FirebaseAnalytics */; };
		92C05B572C972C51003DFD70 /* FirebaseAnalyticsOnDeviceConversion in Frameworks */ = {isa = PBXBuildFile; productRef = 92C05B562C972C51003DFD70 /* FirebaseAnalyticsOnDeviceConversion */; };
		92C05B592C972C51003DFD70 /* FirebaseAnalyticsWithoutAdIdSupport in Frameworks */ = {isa = PBXBuildFile; productRef = 92C05B582C972C51003DFD70 /* FirebaseAnalyticsWithoutAdIdSupport */; };
		92C05B5B2C972C51003DFD70 /* FirebaseAppCheck in Frameworks */ = {isa = PBXBuildFile; productRef = 92C05B5A2C972C51003DFD70 /* FirebaseAppCheck */; };
		92C05B5D2C972C51003DFD70 /* FirebaseAppDistribution-Beta in Frameworks */ = {isa = PBXBuildFile; productRef = 92C05B5C2C972C51003DFD70 /* FirebaseAppDistribution-Beta */; };
		92C05B5F2C972C51003DFD70 /* FirebaseAuth in Frameworks */ = {isa = PBXBuildFile; productRef = 92C05B5E2C972C51003DFD70 /* FirebaseAuth */; };
		92C05B612C972C51003DFD70 /* FirebaseAuthCombine-Community in Frameworks */ = {isa = PBXBuildFile; productRef = 92C05B602C972C51003DFD70 /* FirebaseAuthCombine-Community */; };
		92C05B632C972C51003DFD70 /* FirebaseCrashlytics in Frameworks */ = {isa = PBXBuildFile; productRef = 92C05B622C972C51003DFD70 /* FirebaseCrashlytics */; };
		92C05B652C972C51003DFD70 /* FirebaseDatabase in Frameworks */ = {isa = PBXBuildFile; productRef = 92C05B642C972C51003DFD70 /* FirebaseDatabase */; };
		92C05B672C972C51003DFD70 /* FirebaseDynamicLinks in Frameworks */ = {isa = PBXBuildFile; productRef = 92C05B662C972C51003DFD70 /* FirebaseDynamicLinks */; };
		92C05B692C972C51003DFD70 /* FirebaseFirestore in Frameworks */ = {isa = PBXBuildFile; productRef = 92C05B682C972C51003DFD70 /* FirebaseFirestore */; };
		92C05B6B2C972C51003DFD70 /* FirebaseFirestoreCombine-Community in Frameworks */ = {isa = PBXBuildFile; productRef = 92C05B6A2C972C51003DFD70 /* FirebaseFirestoreCombine-Community */; };
		92C05B6D2C972C51003DFD70 /* FirebaseFunctions in Frameworks */ = {isa = PBXBuildFile; productRef = 92C05B6C2C972C51003DFD70 /* FirebaseFunctions */; };
		92C05B6F2C972C51003DFD70 /* FirebaseFunctionsCombine-Community in Frameworks */ = {isa = PBXBuildFile; productRef = 92C05B6E2C972C51003DFD70 /* FirebaseFunctionsCombine-Community */; };
		92C05B712C972C51003DFD70 /* FirebaseInAppMessaging-Beta in Frameworks */ = {isa = PBXBuildFile; productRef = 92C05B702C972C51003DFD70 /* FirebaseInAppMessaging-Beta */; };
		92C05B732C972C51003DFD70 /* FirebaseInstallations in Frameworks */ = {isa = PBXBuildFile; productRef = 92C05B722C972C51003DFD70 /* FirebaseInstallations */; };
		92C05B752C972C51003DFD70 /* FirebaseMLModelDownloader in Frameworks */ = {isa = PBXBuildFile; productRef = 92C05B742C972C51003DFD70 /* FirebaseMLModelDownloader */; };
		92C05B772C972C51003DFD70 /* FirebaseMessaging in Frameworks */ = {isa = PBXBuildFile; productRef = 92C05B762C972C51003DFD70 /* FirebaseMessaging */; };
		92C05B792C972C51003DFD70 /* FirebasePerformance in Frameworks */ = {isa = PBXBuildFile; productRef = 92C05B782C972C51003DFD70 /* FirebasePerformance */; };
		92C05B7B2C972C51003DFD70 /* FirebaseRemoteConfig in Frameworks */ = {isa = PBXBuildFile; productRef = 92C05B7A2C972C51003DFD70 /* FirebaseRemoteConfig */; };
		92C05B7D2C972C51003DFD70 /* FirebaseStorage in Frameworks */ = {isa = PBXBuildFile; productRef = 92C05B7C2C972C51003DFD70 /* FirebaseStorage */; };
		92C05B7F2C972C51003DFD70 /* FirebaseStorageCombine-Community in Frameworks */ = {isa = PBXBuildFile; productRef = 92C05B7E2C972C51003DFD70 /* FirebaseStorageCombine-Community */; };
		92C05B812C972C51003DFD70 /* FirebaseVertexAI-Preview in Frameworks */ = {isa = PBXBuildFile; productRef = 92C05B802C972C51003DFD70 /* FirebaseVertexAI-Preview */; };
		A93A953B29CC810C00F8E227 /* iosApp.swift in Sources */ = {isa = PBXBuildFile; fileRef = A93A953A29CC810C00F8E227 /* iosApp.swift */; };
		A93A953F29CC810D00F8E227 /* Assets.xcassets in Resources */ = {isa = PBXBuildFile; fileRef = A93A953E29CC810D00F8E227 /* Assets.xcassets */; };
		A93A954229CC810D00F8E227 /* Preview Assets.xcassets in Resources */ = {isa = PBXBuildFile; fileRef = A93A954129CC810D00F8E227 /* Preview Assets.xcassets */; };
/* End PBXBuildFile section */

/* Begin PBXFileReference section */
		9273C5E62C95D9D4005E14D0 /* GoogleService-Info.plist */ = {isa = PBXFileReference; fileEncoding = 4; lastKnownFileType = text.plist.xml; path = "GoogleService-Info.plist"; sourceTree = "<group>"; };
		92770CE92C88D86900B01A9F /* Info.plist */ = {isa = PBXFileReference; lastKnownFileType = text.plist; path = Info.plist; sourceTree = "<group>"; };
		A93A953729CC810C00F8E227 /* Multiplatform App.app */ = {isa = PBXFileReference; explicitFileType = wrapper.application; includeInIndex = 0; path = "Multiplatform App.app"; sourceTree = BUILT_PRODUCTS_DIR; };
		A93A953A29CC810C00F8E227 /* iosApp.swift */ = {isa = PBXFileReference; lastKnownFileType = sourcecode.swift; path = iosApp.swift; sourceTree = "<group>"; };
		A93A953E29CC810D00F8E227 /* Assets.xcassets */ = {isa = PBXFileReference; lastKnownFileType = folder.assetcatalog; path = Assets.xcassets; sourceTree = "<group>"; };
		A93A954129CC810D00F8E227 /* Preview Assets.xcassets */ = {isa = PBXFileReference; lastKnownFileType = folder.assetcatalog; path = "Preview Assets.xcassets"; sourceTree = "<group>"; };
/* End PBXFileReference section */

/* Begin PBXFrameworksBuildPhase section */
		A93A953429CC810C00F8E227 /* Frameworks */ = {
			isa = PBXFrameworksBuildPhase;
			buildActionMask = 2147483647;
			files = (
				92C05B7F2C972C51003DFD70 /* FirebaseStorageCombine-Community in Frameworks */,
				92C05B772C972C51003DFD70 /* FirebaseMessaging in Frameworks */,
				92C05B752C972C51003DFD70 /* FirebaseMLModelDownloader in Frameworks */,
				92C05B5B2C972C51003DFD70 /* FirebaseAppCheck in Frameworks */,
				92C05B5F2C972C51003DFD70 /* FirebaseAuth in Frameworks */,
				92C05B552C972C51003DFD70 /* FirebaseAnalytics in Frameworks */,
				92C05B5D2C972C51003DFD70 /* FirebaseAppDistribution-Beta in Frameworks */,
				92C05B592C972C51003DFD70 /* FirebaseAnalyticsWithoutAdIdSupport in Frameworks */,
				92C05B632C972C51003DFD70 /* FirebaseCrashlytics in Frameworks */,
				92C05B652C972C51003DFD70 /* FirebaseDatabase in Frameworks */,
				92C05B6F2C972C51003DFD70 /* FirebaseFunctionsCombine-Community in Frameworks */,
				92C05B612C972C51003DFD70 /* FirebaseAuthCombine-Community in Frameworks */,
				92C05B7D2C972C51003DFD70 /* FirebaseStorage in Frameworks */,
				92C05B572C972C51003DFD70 /* FirebaseAnalyticsOnDeviceConversion in Frameworks */,
				92C05B6D2C972C51003DFD70 /* FirebaseFunctions in Frameworks */,
				92C05B732C972C51003DFD70 /* FirebaseInstallations in Frameworks */,
				92C05B792C972C51003DFD70 /* FirebasePerformance in Frameworks */,
				92C05B6B2C972C51003DFD70 /* FirebaseFirestoreCombine-Community in Frameworks */,
				92C05B692C972C51003DFD70 /* FirebaseFirestore in Frameworks */,
				92C05B672C972C51003DFD70 /* FirebaseDynamicLinks in Frameworks */,
				92C05B712C972C51003DFD70 /* FirebaseInAppMessaging-Beta in Frameworks */,
				92C05B812C972C51003DFD70 /* FirebaseVertexAI-Preview in Frameworks */,
				92C05B7B2C972C51003DFD70 /* FirebaseRemoteConfig in Frameworks */,
			);
			runOnlyForDeploymentPostprocessing = 0;
		};
/* End PBXFrameworksBuildPhase section */

/* Begin PBXGroup section */
		A93A952E29CC810C00F8E227 = {
			isa = PBXGroup;
			children = (
				A93A953929CC810C00F8E227 /* iosApp */,
				A93A953829CC810C00F8E227 /* Products */,
				C4127409AE3703430489E7BC /* Frameworks */,
			);
			sourceTree = "<group>";
		};
		A93A953829CC810C00F8E227 /* Products */ = {
			isa = PBXGroup;
			children = (
				A93A953729CC810C00F8E227 /* Multiplatform App.app */,
			);
			name = Products;
			sourceTree = "<group>";
		};
		A93A953929CC810C00F8E227 /* iosApp */ = {
			isa = PBXGroup;
			children = (
				9273C5E62C95D9D4005E14D0 /* GoogleService-Info.plist */,
				92770CE92C88D86900B01A9F /* Info.plist */,
				A93A953A29CC810C00F8E227 /* iosApp.swift */,
				A93A953E29CC810D00F8E227 /* Assets.xcassets */,
				A93A954029CC810D00F8E227 /* Preview Content */,
			);
			path = iosApp;
			sourceTree = "<group>";
		};
		A93A954029CC810D00F8E227 /* Preview Content */ = {
			isa = PBXGroup;
			children = (
				A93A954129CC810D00F8E227 /* Preview Assets.xcassets */,
			);
			path = "Preview Content";
			sourceTree = "<group>";
		};
		C4127409AE3703430489E7BC /* Frameworks */ = {
			isa = PBXGroup;
			children = (
			);
			name = Frameworks;
			sourceTree = "<group>";
		};
/* End PBXGroup section */

/* Begin PBXNativeTarget section */
		A93A953629CC810C00F8E227 /* iosApp */ = {
			isa = PBXNativeTarget;
			buildConfigurationList = A93A954529CC810D00F8E227 /* Build configuration list for PBXNativeTarget "iosApp" */;
			buildPhases = (
				A9D80A052AAB5CDE006C8738 /* ShellScript */,
				A93A953329CC810C00F8E227 /* Sources */,
				A93A953429CC810C00F8E227 /* Frameworks */,
				A93A953529CC810C00F8E227 /* Resources */,
			);
			buildRules = (
			);
			dependencies = (
			);
			name = iosApp;
			packageProductDependencies = (
				92C05B542C972C51003DFD70 /* FirebaseAnalytics */,
				92C05B562C972C51003DFD70 /* FirebaseAnalyticsOnDeviceConversion */,
				92C05B582C972C51003DFD70 /* FirebaseAnalyticsWithoutAdIdSupport */,
				92C05B5A2C972C51003DFD70 /* FirebaseAppCheck */,
				92C05B5C2C972C51003DFD70 /* FirebaseAppDistribution-Beta */,
				92C05B5E2C972C51003DFD70 /* FirebaseAuth */,
				92C05B602C972C51003DFD70 /* FirebaseAuthCombine-Community */,
				92C05B622C972C51003DFD70 /* FirebaseCrashlytics */,
				92C05B642C972C51003DFD70 /* FirebaseDatabase */,
				92C05B662C972C51003DFD70 /* FirebaseDynamicLinks */,
				92C05B682C972C51003DFD70 /* FirebaseFirestore */,
				92C05B6A2C972C51003DFD70 /* FirebaseFirestoreCombine-Community */,
				92C05B6C2C972C51003DFD70 /* FirebaseFunctions */,
				92C05B6E2C972C51003DFD70 /* FirebaseFunctionsCombine-Community */,
				92C05B702C972C51003DFD70 /* FirebaseInAppMessaging-Beta */,
				92C05B722C972C51003DFD70 /* FirebaseInstallations */,
				92C05B742C972C51003DFD70 /* FirebaseMLModelDownloader */,
				92C05B762C972C51003DFD70 /* FirebaseMessaging */,
				92C05B782C972C51003DFD70 /* FirebasePerformance */,
				92C05B7A2C972C51003DFD70 /* FirebaseRemoteConfig */,
				92C05B7C2C972C51003DFD70 /* FirebaseStorage */,
				92C05B7E2C972C51003DFD70 /* FirebaseStorageCombine-Community */,
				92C05B802C972C51003DFD70 /* FirebaseVertexAI-Preview */,
			);
			productName = iosApp;
			productReference = A93A953729CC810C00F8E227 /* Multiplatform App.app */;
			productType = "com.apple.product-type.application";
		};
/* End PBXNativeTarget section */

/* Begin PBXProject section */
		A93A952F29CC810C00F8E227 /* Project object */ = {
			isa = PBXProject;
			attributes = {
				LastSwiftUpdateCheck = 1420;
				LastUpgradeCheck = 1540;
				TargetAttributes = {
					A93A953629CC810C00F8E227 = {
						CreatedOnToolsVersion = 14.2;
					};
				};
			};
			buildConfigurationList = A93A953229CC810C00F8E227 /* Build configuration list for PBXProject "iosApp" */;
			compatibilityVersion = "Xcode 14.0";
			developmentRegion = en;
			hasScannedForEncodings = 0;
			knownRegions = (
				en,
				Base,
			);
			mainGroup = A93A952E29CC810C00F8E227;
			packageReferences = (
				92C05B532C972C51003DFD70 /* XCRemoteSwiftPackageReference "firebase-ios-sdk" */,
			);
			productRefGroup = A93A953829CC810C00F8E227 /* Products */;
			projectDirPath = "";
			projectRoot = "";
			targets = (
				A93A953629CC810C00F8E227 /* iosApp */,
			);
		};
/* End PBXProject section */

/* Begin PBXResourcesBuildPhase section */
		A93A953529CC810C00F8E227 /* Resources */ = {
			isa = PBXResourcesBuildPhase;
			buildActionMask = 2147483647;
			files = (
				A93A954229CC810D00F8E227 /* Preview Assets.xcassets in Resources */,
				A93A953F29CC810D00F8E227 /* Assets.xcassets in Resources */,
				9273C5E72C95D9D4005E14D0 /* GoogleService-Info.plist in Resources */,
			);
			runOnlyForDeploymentPostprocessing = 0;
		};
/* End PBXResourcesBuildPhase section */

/* Begin PBXShellScriptBuildPhase section */
		A9D80A052AAB5CDE006C8738 /* ShellScript */ = {
			isa = PBXShellScriptBuildPhase;
			buildActionMask = 2147483647;
			files = (
			);
			inputFileListPaths = (
			);
			inputPaths = (
			);
			outputFileListPaths = (
			);
			outputPaths = (
			);
			runOnlyForDeploymentPostprocessing = 0;
			shellPath = /bin/sh;
			shellScript = "cd \"$SRCROOT/..\"\n./gradlew :composeApp:embedAndSignAppleFrameworkForXcode\n";
		};
/* End PBXShellScriptBuildPhase section */

/* Begin PBXSourcesBuildPhase section */
		A93A953329CC810C00F8E227 /* Sources */ = {
			isa = PBXSourcesBuildPhase;
			buildActionMask = 2147483647;
			files = (
				A93A953B29CC810C00F8E227 /* iosApp.swift in Sources */,
			);
			runOnlyForDeploymentPostprocessing = 0;
		};
/* End PBXSourcesBuildPhase section */

/* Begin XCBuildConfiguration section */
		A93A954329CC810D00F8E227 /* Debug */ = {
			isa = XCBuildConfiguration;
			buildSettings = {
				ALWAYS_SEARCH_USER_PATHS = NO;
				CLANG_ANALYZER_NONNULL = YES;
				CLANG_ANALYZER_NUMBER_OBJECT_CONVERSION = YES_AGGRESSIVE;
				CLANG_CXX_LANGUAGE_STANDARD = "gnu++20";
				CLANG_ENABLE_MODULES = YES;
				CLANG_ENABLE_OBJC_ARC = YES;
				CLANG_ENABLE_OBJC_WEAK = YES;
				CLANG_WARN_BLOCK_CAPTURE_AUTORELEASING = YES;
				CLANG_WARN_BOOL_CONVERSION = YES;
				CLANG_WARN_COMMA = YES;
				CLANG_WARN_CONSTANT_CONVERSION = YES;
				CLANG_WARN_DEPRECATED_OBJC_IMPLEMENTATIONS = YES;
				CLANG_WARN_DIRECT_OBJC_ISA_USAGE = YES_ERROR;
				CLANG_WARN_DOCUMENTATION_COMMENTS = YES;
				CLANG_WARN_EMPTY_BODY = YES;
				CLANG_WARN_ENUM_CONVERSION = YES;
				CLANG_WARN_INFINITE_RECURSION = YES;
				CLANG_WARN_INT_CONVERSION = YES;
				CLANG_WARN_NON_LITERAL_NULL_CONVERSION = YES;
				CLANG_WARN_OBJC_IMPLICIT_RETAIN_SELF = YES;
				CLANG_WARN_OBJC_LITERAL_CONVERSION = YES;
				CLANG_WARN_OBJC_ROOT_CLASS = YES_ERROR;
				CLANG_WARN_QUOTED_INCLUDE_IN_FRAMEWORK_HEADER = YES;
				CLANG_WARN_RANGE_LOOP_ANALYSIS = YES;
				CLANG_WARN_STRICT_PROTOTYPES = YES;
				CLANG_WARN_SUSPICIOUS_MOVE = YES;
				CLANG_WARN_UNGUARDED_AVAILABILITY = YES_AGGRESSIVE;
				CLANG_WARN_UNREACHABLE_CODE = YES;
				CLANG_WARN__DUPLICATE_METHOD_MATCH = YES;
				COPY_PHASE_STRIP = NO;
				DEBUG_INFORMATION_FORMAT = dwarf;
				ENABLE_STRICT_OBJC_MSGSEND = YES;
				ENABLE_TESTABILITY = YES;
				GCC_C_LANGUAGE_STANDARD = gnu11;
				GCC_DYNAMIC_NO_PIC = NO;
				GCC_NO_COMMON_BLOCKS = YES;
				GCC_OPTIMIZATION_LEVEL = 0;
				GCC_PREPROCESSOR_DEFINITIONS = (
					"DEBUG=1",
					"$(inherited)",
				);
				GCC_WARN_64_TO_32_BIT_CONVERSION = YES;
				GCC_WARN_ABOUT_RETURN_TYPE = YES_ERROR;
				GCC_WARN_UNDECLARED_SELECTOR = YES;
				GCC_WARN_UNINITIALIZED_AUTOS = YES_AGGRESSIVE;
				GCC_WARN_UNUSED_FUNCTION = YES;
				GCC_WARN_UNUSED_VARIABLE = YES;
				IPHONEOS_DEPLOYMENT_TARGET = 16.2;
				MTL_ENABLE_DEBUG_INFO = INCLUDE_SOURCE;
				MTL_FAST_MATH = YES;
				ONLY_ACTIVE_ARCH = YES;
				SDKROOT = iphoneos;
				SWIFT_ACTIVE_COMPILATION_CONDITIONS = DEBUG;
				SWIFT_OPTIMIZATION_LEVEL = "-Onone";
			};
			name = Debug;
		};
		A93A954429CC810D00F8E227 /* Release */ = {
			isa = XCBuildConfiguration;
			buildSettings = {
				ALWAYS_SEARCH_USER_PATHS = NO;
				CLANG_ANALYZER_NONNULL = YES;
				CLANG_ANALYZER_NUMBER_OBJECT_CONVERSION = YES_AGGRESSIVE;
				CLANG_CXX_LANGUAGE_STANDARD = "gnu++20";
				CLANG_ENABLE_MODULES = YES;
				CLANG_ENABLE_OBJC_ARC = YES;
				CLANG_ENABLE_OBJC_WEAK = YES;
				CLANG_WARN_BLOCK_CAPTURE_AUTORELEASING = YES;
				CLANG_WARN_BOOL_CONVERSION = YES;
				CLANG_WARN_COMMA = YES;
				CLANG_WARN_CONSTANT_CONVERSION = YES;
				CLANG_WARN_DEPRECATED_OBJC_IMPLEMENTATIONS = YES;
				CLANG_WARN_DIRECT_OBJC_ISA_USAGE = YES_ERROR;
				CLANG_WARN_DOCUMENTATION_COMMENTS = YES;
				CLANG_WARN_EMPTY_BODY = YES;
				CLANG_WARN_ENUM_CONVERSION = YES;
				CLANG_WARN_INFINITE_RECURSION = YES;
				CLANG_WARN_INT_CONVERSION = YES;
				CLANG_WARN_NON_LITERAL_NULL_CONVERSION = YES;
				CLANG_WARN_OBJC_IMPLICIT_RETAIN_SELF = YES;
				CLANG_WARN_OBJC_LITERAL_CONVERSION = YES;
				CLANG_WARN_OBJC_ROOT_CLASS = YES_ERROR;
				CLANG_WARN_QUOTED_INCLUDE_IN_FRAMEWORK_HEADER = YES;
				CLANG_WARN_RANGE_LOOP_ANALYSIS = YES;
				CLANG_WARN_STRICT_PROTOTYPES = YES;
				CLANG_WARN_SUSPICIOUS_MOVE = YES;
				CLANG_WARN_UNGUARDED_AVAILABILITY = YES_AGGRESSIVE;
				CLANG_WARN_UNREACHABLE_CODE = YES;
				CLANG_WARN__DUPLICATE_METHOD_MATCH = YES;
				COPY_PHASE_STRIP = NO;
				DEBUG_INFORMATION_FORMAT = "dwarf-with-dsym";
				ENABLE_NS_ASSERTIONS = NO;
				ENABLE_STRICT_OBJC_MSGSEND = YES;
				GCC_C_LANGUAGE_STANDARD = gnu11;
				GCC_NO_COMMON_BLOCKS = YES;
				GCC_WARN_64_TO_32_BIT_CONVERSION = YES;
				GCC_WARN_ABOUT_RETURN_TYPE = YES_ERROR;
				GCC_WARN_UNDECLARED_SELECTOR = YES;
				GCC_WARN_UNINITIALIZED_AUTOS = YES_AGGRESSIVE;
				GCC_WARN_UNUSED_FUNCTION = YES;
				GCC_WARN_UNUSED_VARIABLE = YES;
				IPHONEOS_DEPLOYMENT_TARGET = 16.2;
				MTL_ENABLE_DEBUG_INFO = NO;
				MTL_FAST_MATH = YES;
				SDKROOT = iphoneos;
				SWIFT_COMPILATION_MODE = wholemodule;
				SWIFT_OPTIMIZATION_LEVEL = "-O";
				VALIDATE_PRODUCT = YES;
			};
			name = Release;
		};
		A93A954629CC810D00F8E227 /* Debug */ = {
			isa = XCBuildConfiguration;
			buildSettings = {
				ASSETCATALOG_COMPILER_APPICON_NAME = AppIcon;
				ASSETCATALOG_COMPILER_GLOBAL_ACCENT_COLOR_NAME = AccentColor;
				CODE_SIGN_STYLE = Automatic;
				CURRENT_PROJECT_VERSION = 1;
				DEVELOPMENT_ASSET_PATHS = "\"iosApp/Preview Content\"";
				ENABLE_PREVIEWS = YES;
				GENERATE_INFOPLIST_FILE = YES;
				INFOPLIST_FILE = iosApp/Info.plist;
				INFOPLIST_KEY_UILaunchScreen_Generation = YES;
				LD_RUNPATH_SEARCH_PATHS = (
					"$(inherited)",
					"@executable_path/Frameworks",
				);
				MARKETING_VERSION = 1.0;
				PRODUCT_BUNDLE_IDENTIFIER = "siarhei.luskanau.doorbell.mp.app";
				PRODUCT_NAME = "Multiplatform App";
				SWIFT_EMIT_LOC_STRINGS = YES;
				SWIFT_VERSION = 5.0;
				TARGETED_DEVICE_FAMILY = "1,2";
			};
			name = Debug;
		};
		A93A954729CC810D00F8E227 /* Release */ = {
			isa = XCBuildConfiguration;
			buildSettings = {
				ASSETCATALOG_COMPILER_APPICON_NAME = AppIcon;
				ASSETCATALOG_COMPILER_GLOBAL_ACCENT_COLOR_NAME = AccentColor;
				CODE_SIGN_STYLE = Automatic;
				CURRENT_PROJECT_VERSION = 1;
				DEVELOPMENT_ASSET_PATHS = "\"iosApp/Preview Content\"";
				ENABLE_PREVIEWS = YES;
				GENERATE_INFOPLIST_FILE = YES;
				INFOPLIST_FILE = iosApp/Info.plist;
				INFOPLIST_KEY_UILaunchScreen_Generation = YES;
				LD_RUNPATH_SEARCH_PATHS = (
					"$(inherited)",
					"@executable_path/Frameworks",
				);
				MARKETING_VERSION = 1.0;
				PRODUCT_BUNDLE_IDENTIFIER = "siarhei.luskanau.doorbell.mp.app";
				PRODUCT_NAME = "Multiplatform App";
				SWIFT_EMIT_LOC_STRINGS = YES;
				SWIFT_VERSION = 5.0;
				TARGETED_DEVICE_FAMILY = "1,2";
			};
			name = Release;
		};
/* End XCBuildConfiguration section */

/* Begin XCConfigurationList section */
		A93A953229CC810C00F8E227 /* Build configuration list for PBXProject "iosApp" */ = {
			isa = XCConfigurationList;
			buildConfigurations = (
				A93A954329CC810D00F8E227 /* Debug */,
				A93A954429CC810D00F8E227 /* Release */,
			);
			defaultConfigurationIsVisible = 0;
			defaultConfigurationName = Release;
		};
		A93A954529CC810D00F8E227 /* Build configuration list for PBXNativeTarget "iosApp" */ = {
			isa = XCConfigurationList;
			buildConfigurations = (
				A93A954629CC810D00F8E227 /* Debug */,
				A93A954729CC810D00F8E227 /* Release */,
			);
			defaultConfigurationIsVisible = 0;
			defaultConfigurationName = Release;
		};
/* End XCConfigurationList section */

/* Begin XCRemoteSwiftPackageReference section */
		92C05B532C972C51003DFD70 /* XCRemoteSwiftPackageReference "firebase-ios-sdk" */ = {
			isa = XCRemoteSwiftPackageReference;
			repositoryURL = "https://github.com/firebase/firebase-ios-sdk";
			requirement = {
				kind = exactVersion;
				version = 11.2.0;
			};
		};
/* End XCRemoteSwiftPackageReference section */

/* Begin XCSwiftPackageProductDependency section */
		92C05B542C972C51003DFD70 /* FirebaseAnalytics */ = {
			isa = XCSwiftPackageProductDependency;
			package = 92C05B532C972C51003DFD70 /* XCRemoteSwiftPackageReference "firebase-ios-sdk" */;
			productName = FirebaseAnalytics;
		};
		92C05B562C972C51003DFD70 /* FirebaseAnalyticsOnDeviceConversion */ = {
			isa = XCSwiftPackageProductDependency;
			package = 92C05B532C972C51003DFD70 /* XCRemoteSwiftPackageReference "firebase-ios-sdk" */;
			productName = FirebaseAnalyticsOnDeviceConversion;
		};
		92C05B582C972C51003DFD70 /* FirebaseAnalyticsWithoutAdIdSupport */ = {
			isa = XCSwiftPackageProductDependency;
			package = 92C05B532C972C51003DFD70 /* XCRemoteSwiftPackageReference "firebase-ios-sdk" */;
			productName = FirebaseAnalyticsWithoutAdIdSupport;
		};
		92C05B5A2C972C51003DFD70 /* FirebaseAppCheck */ = {
			isa = XCSwiftPackageProductDependency;
			package = 92C05B532C972C51003DFD70 /* XCRemoteSwiftPackageReference "firebase-ios-sdk" */;
			productName = FirebaseAppCheck;
		};
		92C05B5C2C972C51003DFD70 /* FirebaseAppDistribution-Beta */ = {
			isa = XCSwiftPackageProductDependency;
			package = 92C05B532C972C51003DFD70 /* XCRemoteSwiftPackageReference "firebase-ios-sdk" */;
			productName = "FirebaseAppDistribution-Beta";
		};
		92C05B5E2C972C51003DFD70 /* FirebaseAuth */ = {
			isa = XCSwiftPackageProductDependency;
			package = 92C05B532C972C51003DFD70 /* XCRemoteSwiftPackageReference "firebase-ios-sdk" */;
			productName = FirebaseAuth;
		};
		92C05B602C972C51003DFD70 /* FirebaseAuthCombine-Community */ = {
			isa = XCSwiftPackageProductDependency;
			package = 92C05B532C972C51003DFD70 /* XCRemoteSwiftPackageReference "firebase-ios-sdk" */;
			productName = "FirebaseAuthCombine-Community";
		};
		92C05B622C972C51003DFD70 /* FirebaseCrashlytics */ = {
			isa = XCSwiftPackageProductDependency;
			package = 92C05B532C972C51003DFD70 /* XCRemoteSwiftPackageReference "firebase-ios-sdk" */;
			productName = FirebaseCrashlytics;
		};
		92C05B642C972C51003DFD70 /* FirebaseDatabase */ = {
			isa = XCSwiftPackageProductDependency;
			package = 92C05B532C972C51003DFD70 /* XCRemoteSwiftPackageReference "firebase-ios-sdk" */;
			productName = FirebaseDatabase;
		};
		92C05B662C972C51003DFD70 /* FirebaseDynamicLinks */ = {
			isa = XCSwiftPackageProductDependency;
			package = 92C05B532C972C51003DFD70 /* XCRemoteSwiftPackageReference "firebase-ios-sdk" */;
			productName = FirebaseDynamicLinks;
		};
		92C05B682C972C51003DFD70 /* FirebaseFirestore */ = {
			isa = XCSwiftPackageProductDependency;
			package = 92C05B532C972C51003DFD70 /* XCRemoteSwiftPackageReference "firebase-ios-sdk" */;
			productName = FirebaseFirestore;
		};
		92C05B6A2C972C51003DFD70 /* FirebaseFirestoreCombine-Community */ = {
			isa = XCSwiftPackageProductDependency;
			package = 92C05B532C972C51003DFD70 /* XCRemoteSwiftPackageReference "firebase-ios-sdk" */;
			productName = "FirebaseFirestoreCombine-Community";
		};
		92C05B6C2C972C51003DFD70 /* FirebaseFunctions */ = {
			isa = XCSwiftPackageProductDependency;
			package = 92C05B532C972C51003DFD70 /* XCRemoteSwiftPackageReference "firebase-ios-sdk" */;
			productName = FirebaseFunctions;
		};
		92C05B6E2C972C51003DFD70 /* FirebaseFunctionsCombine-Community */ = {
			isa = XCSwiftPackageProductDependency;
			package = 92C05B532C972C51003DFD70 /* XCRemoteSwiftPackageReference "firebase-ios-sdk" */;
			productName = "FirebaseFunctionsCombine-Community";
		};
		92C05B702C972C51003DFD70 /* FirebaseInAppMessaging-Beta */ = {
			isa = XCSwiftPackageProductDependency;
			package = 92C05B532C972C51003DFD70 /* XCRemoteSwiftPackageReference "firebase-ios-sdk" */;
			productName = "FirebaseInAppMessaging-Beta";
		};
		92C05B722C972C51003DFD70 /* FirebaseInstallations */ = {
			isa = XCSwiftPackageProductDependency;
			package = 92C05B532C972C51003DFD70 /* XCRemoteSwiftPackageReference "firebase-ios-sdk" */;
			productName = FirebaseInstallations;
		};
		92C05B742C972C51003DFD70 /* FirebaseMLModelDownloader */ = {
			isa = XCSwiftPackageProductDependency;
			package = 92C05B532C972C51003DFD70 /* XCRemoteSwiftPackageReference "firebase-ios-sdk" */;
			productName = FirebaseMLModelDownloader;
		};
		92C05B762C972C51003DFD70 /* FirebaseMessaging */ = {
			isa = XCSwiftPackageProductDependency;
			package = 92C05B532C972C51003DFD70 /* XCRemoteSwiftPackageReference "firebase-ios-sdk" */;
			productName = FirebaseMessaging;
		};
		92C05B782C972C51003DFD70 /* FirebasePerformance */ = {
			isa = XCSwiftPackageProductDependency;
			package = 92C05B532C972C51003DFD70 /* XCRemoteSwiftPackageReference "firebase-ios-sdk" */;
			productName = FirebasePerformance;
		};
		92C05B7A2C972C51003DFD70 /* FirebaseRemoteConfig */ = {
			isa = XCSwiftPackageProductDependency;
			package = 92C05B532C972C51003DFD70 /* XCRemoteSwiftPackageReference "firebase-ios-sdk" */;
			productName = FirebaseRemoteConfig;
		};
		92C05B7C2C972C51003DFD70 /* FirebaseStorage */ = {
			isa = XCSwiftPackageProductDependency;
			package = 92C05B532C972C51003DFD70 /* XCRemoteSwiftPackageReference "firebase-ios-sdk" */;
			productName = FirebaseStorage;
		};
		92C05B7E2C972C51003DFD70 /* FirebaseStorageCombine-Community */ = {
			isa = XCSwiftPackageProductDependency;
			package = 92C05B532C972C51003DFD70 /* XCRemoteSwiftPackageReference "firebase-ios-sdk" */;
			productName = "FirebaseStorageCombine-Community";
		};
		92C05B802C972C51003DFD70 /* FirebaseVertexAI-Preview */ = {
			isa = XCSwiftPackageProductDependency;
			package = 92C05B532C972C51003DFD70 /* XCRemoteSwiftPackageReference "firebase-ios-sdk" */;
			productName = "FirebaseVertexAI-Preview";
		};
/* End XCSwiftPackageProductDependency section */
	};
	rootObject = A93A952F29CC810C00F8E227 /* Project object */;
}
